github.com/gethugothemes/hugo-modules/images v0.0.0-20250112030311-a0de82520a5a h1:plU1FeSAMf40PImz/atXvreAslQv2V8iv1NUZljJXrE=
github.com/gethugothemes/hugo-modules/images v0.0.0-20250112030311-a0de82520a5a/go.mod h1:FKliP3qOW9diIcQeLtyZ0Hdhg3PL8bdAkC/6O+XtU90=
github.com/themefisher/meghna-hugo v1.1.0 h1:7Dyy5mkbTDwj5cGLhNpgaEoiEKf9Q3LwIHfCr+abR7Y=
github.com/themefisher/meghna-hugo v1.1.0/go.mod h1:K0U8mZttiB46/S4qgHqi6o5C9NtqiewIrF7MaWVWuvc=
