github.com/gethugothemes/hugo-modules/images v0.0.0-20250702070945-cd8319c6b26e h1:qM7Y9IUOEXk+3D3cT4nIowJoEUhPKnaWuDLNKmDbo3g=
github.com/gethugothemes/hugo-modules/images v0.0.0-20250702070945-cd8319c6b26e/go.mod h1:FKliP3qOW9diIcQeLtyZ0Hdhg3PL8bdAkC/6O+XtU90=
github.com/themefisher/meghna-hugo v1.1.0 h1:7Dyy5mkbTDwj5cGLhNpgaEoiEKf9Q3LwIHfCr+abR7Y=
github.com/themefisher/meghna-hugo v1.1.0/go.mod h1:K0U8mZttiB46/S4qgHqi6o5C9NtqiewIrF7MaWVWuvc=
